// !$*UTF8*$!
{
	archiveVersion = 1;
	classes = {
	};
	objectVersion = 46;
	objects = {

/* Begin PBXBuildFile section */
		D5DAF4231D9BCE4800B70FC6 /* main.m in Sources */ = {isa = PBXBuildFile; fileRef = D5DAF4221D9BCE4800B70FC6 /* main.m */; };
		D5DAF4261D9BCE4800B70FC6 /* AppDelegate.m in Sources */ = {isa = PBXBuildFile; fileRef = D5DAF4251D9BCE4800B70FC6 /* AppDelegate.m */; };
		D5DAF4291D9BCE4800B70FC6 /* FirstViewController.m in Sources */ = {isa = PBXBuildFile; fileRef = D5DAF4281D9BCE4800B70FC6 /* FirstViewController.m */; };
		D5DAF42C1D9BCE4800B70FC6 /* SecondViewController.m in Sources */ = {isa = PBXBuildFile; fileRef = D5DAF42B1D9BCE4800B70FC6 /* SecondViewController.m */; };
		D5DAF42F1D9BCE4800B70FC6 /* Main.storyboard in Resources */ = {isa = PBXBuildFile; fileRef = D5DAF42D1D9BCE4800B70FC6 /* Main.storyboard */; };
		D5DAF4311D9BCE4800B70FC6 /* Assets.xcassets in Resources */ = {isa = PBXBuildFile; fileRef = D5DAF4301D9BCE4800B70FC6 /* Assets.xcassets */; };
		D5DAF4341D9BCE4800B70FC6 /* LaunchScreen.storyboard in Resources */ = {isa = PBXBuildFile; fileRef = D5DAF4321D9BCE4800B70FC6 /* LaunchScreen.storyboard */; };
/* End PBXBuildFile section */

/* Begin PBXFileReference section */
		D5DAF41E1D9BCE4700B70FC6 /* Shopping App.app */ = {isa = PBXFileReference; explicitFileType = wrapper.application; includeInIndex = 0; path = "Shopping App.app"; sourceTree = BUILT_PRODUCTS_DIR; };
		D5DAF4221D9BCE4800B70FC6 /* main.m */ = {isa = PBXFileReference; lastKnownFileType = sourcecode.c.objc; path = main.m; sourceTree = "<group>"; };
		D5DAF4241D9BCE4800B70FC6 /* AppDelegate.h */ = {isa = PBXFileReference; lastKnownFileType = sourcecode.c.h; path = AppDelegate.h; sourceTree = "<group>"; };
		D5DAF4251D9BCE4800B70FC6 /* AppDelegate.m */ = {isa = PBXFileReference; lastKnownFileType = sourcecode.c.objc; path = AppDelegate.m; sourceTree = "<group>"; };
		D5DAF4271D9BCE4800B70FC6 /* FirstViewController.h */ = {isa = PBXFileReference; lastKnownFileType = sourcecode.c.h; path = FirstViewController.h; sourceTree = "<group>"; };
		D5DAF4281D9BCE4800B70FC6 /* FirstViewController.m */ = {isa = PBXFileReference; lastKnownFileType = sourcecode.c.objc; path = FirstViewController.m; sourceTree = "<group>"; };
		D5DAF42A1D9BCE4800B70FC6 /* SecondViewController.h */ = {isa = PBXFileReference; lastKnownFileType = sourcecode.c.h; path = SecondViewController.h; sourceTree = "<group>"; };
		D5DAF42B1D9BCE4800B70FC6 /* SecondViewController.m */ = {isa = PBXFileReference; lastKnownFileType = sourcecode.c.objc; path = SecondViewController.m; sourceTree = "<group>"; };
		D5DAF42E1D9BCE4800B70FC6 /* Base */ = {isa = PBXFileReference; lastKnownFileType = file.storyboard; name = Base; path = Base.lproj/Main.storyboard; sourceTree = "<group>"; };
		D5DAF4301D9BCE4800B70FC6 /* Assets.xcassets */ = {isa = PBXFileReference; lastKnownFileType = folder.assetcatalog; path = Assets.xcassets; sourceTree = "<group>"; };
		D5DAF4331D9BCE4800B70FC6 /* Base */ = {isa = PBXFileReference; lastKnownFileType = file.storyboard; name = Base; path = Base.lproj/LaunchScreen.storyboard; sourceTree = "<group>"; };
		D5DAF4351D9BCE4800B70FC6 /* Info.plist */ = {isa = PBXFileReference; lastKnownFileType = text.plist.xml; path = Info.plist; sourceTree = "<group>"; };
/* End PBXFileReference section */

/* Begin PBXFrameworksBuildPhase section */
		D5DAF41B1D9BCE4700B70FC6 /* Frameworks */ = {
			isa = PBXFrameworksBuildPhase;
			buildActionMask = 2147483647;
			files = (
			);
			runOnlyForDeploymentPostprocessing = 0;
		};
/* End PBXFrameworksBuildPhase section */

/* Begin PBXGroup section */
		D5DAF4151D9BCE4700B70FC6 = {
			isa = PBXGroup;
			children = (
				D5DAF4201D9BCE4700B70FC6 /* Shopping App */,
				D5DAF41F1D9BCE4700B70FC6 /* Products */,
			);
			sourceTree = "<group>";
		};
		D5DAF41F1D9BCE4700B70FC6 /* Products */ = {
			isa = PBXGroup;
			children = (
				D5DAF41E1D9BCE4700B70FC6 /* Shopping App.app */,
			);
			name = Products;
			sourceTree = "<group>";
		};
		D5DAF4201D9BCE4700B70FC6 /* Shopping App */ = {
			isa = PBXGroup;
			children = (
				D5DAF4241D9BCE4800B70FC6 /* AppDelegate.h */,
				D5DAF4251D9BCE4800B70FC6 /* AppDelegate.m */,
				D5DAF4271D9BCE4800B70FC6 /* FirstViewController.h */,
				D5DAF4281D9BCE4800B70FC6 /* FirstViewController.m */,
				D5DAF42A1D9BCE4800B70FC6 /* SecondViewController.h */,
				D5DAF42B1D9BCE4800B70FC6 /* SecondViewController.m */,
				D5DAF42D1D9BCE4800B70FC6 /* Main.storyboard */,
				D5DAF4301D9BCE4800B70FC6 /* Assets.xcassets */,
				D5DAF4321D9BCE4800B70FC6 /* LaunchScreen.storyboard */,
				D5DAF4351D9BCE4800B70FC6 /* Info.plist */,
				D5DAF4211D9BCE4800B70FC6 /* Supporting Files */,
			);
			path = "Shopping App";
			sourceTree = "<group>";
		};
		D5DAF4211D9BCE4800B70FC6 /* Supporting Files */ = {
			isa = PBXGroup;
			children = (
				D5DAF4221D9BCE4800B70FC6 /* main.m */,
			);
			name = "Supporting Files";
			sourceTree = "<group>";
		};
/* End PBXGroup section */

/* Begin PBXNativeTarget section */
		D5DAF41D1D9BCE4700B70FC6 /* Shopping App */ = {
			isa = PBXNativeTarget;
			buildConfigurationList = D5DAF4381D9BCE4800B70FC6 /* Build configuration list for PBXNativeTarget "Shopping App" */;
			buildPhases = (
				D5DAF41A1D9BCE4700B70FC6 /* Sources */,
				D5DAF41B1D9BCE4700B70FC6 /* Frameworks */,
				D5DAF41C1D9BCE4700B70FC6 /* Resources */,
			);
			buildRules = (
			);
			dependencies = (
			);
			name = "Shopping App";
			productName = "Shopping App";
			productReference = D5DAF41E1D9BCE4700B70FC6 /* Shopping App.app */;
			productType = "com.apple.product-type.application";
		};
/* End PBXNativeTarget section */

/* Begin PBXProject section */
		D5DAF4161D9BCE4700B70FC6 /* Project object */ = {
			isa = PBXProject;
			attributes = {
				LastUpgradeCheck = 0800;
				ORGANIZATIONNAME = "Arun Satyavan";
				TargetAttributes = {
					D5DAF41D1D9BCE4700B70FC6 = {
						CreatedOnToolsVersion = 8.0;
						ProvisioningStyle = Automatic;
					};
				};
			};
			buildConfigurationList = D5DAF4191D9BCE4700B70FC6 /* Build configuration list for PBXProject "Shopping App" */;
			compatibilityVersion = "Xcode 3.2";
			developmentRegion = English;
			hasScannedForEncodings = 0;
			knownRegions = (
				en,
				Base,
			);
			mainGroup = D5DAF4151D9BCE4700B70FC6;
			productRefGroup = D5DAF41F1D9BCE4700B70FC6 /* Products */;
			projectDirPath = "";
			projectRoot = "";
			targets = (
				D5DAF41D1D9BCE4700B70FC6 /* Shopping App */,
			);
		};
/* End PBXProject section */

/* Begin PBXResourcesBuildPhase section */
		D5DAF41C1D9BCE4700B70FC6 /* Resources */ = {
			isa = PBXResourcesBuildPhase;
			buildActionMask = 2147483647;
			files = (
				D5DAF4341D9BCE4800B70FC6 /* LaunchScreen.storyboard in Resources */,
				D5DAF4311D9BCE4800B70FC6 /* Assets.xcassets in Resources */,
				D5DAF42F1D9BCE4800B70FC6 /* Main.storyboard in Resources */,
			);
			runOnlyForDeploymentPostprocessing = 0;
		};
/* End PBXResourcesBuildPhase section */

/* Begin PBXSourcesBuildPhase section */
		D5DAF41A1D9BCE4700B70FC6 /* Sources */ = {
			isa = PBXSourcesBuildPhase;
			buildActionMask = 2147483647;
			files = (
				D5DAF42C1D9BCE4800B70FC6 /* SecondViewController.m in Sources */,
				D5DAF4261D9BCE4800B70FC6 /* AppDelegate.m in Sources */,
				D5DAF4291D9BCE4800B70FC6 /* FirstViewController.m in Sources */,
				D5DAF4231D9BCE4800B70FC6 /* main.m in Sources */,
			);
			runOnlyForDeploymentPostprocessing = 0;
		};
/* End PBXSourcesBuildPhase section */

/* Begin PBXVariantGroup section */
		D5DAF42D1D9BCE4800B70FC6 /* Main.storyboard */ = {
			isa = PBXVariantGroup;
			children = (
				D5DAF42E1D9BCE4800B70FC6 /* Base */,
			);
			name = Main.storyboard;
			sourceTree = "<group>";
		};
		D5DAF4321D9BCE4800B70FC6 /* LaunchScreen.storyboard */ = {
			isa = PBXVariantGroup;
			children = (
				D5DAF4331D9BCE4800B70FC6 /* Base */,
			);
			name = LaunchScreen.storyboard;
			sourceTree = "<group>";
		};
/* End PBXVariantGroup section */

/* Begin XCBuildConfiguration section */
		D5DAF4361D9BCE4800B70FC6 /* Debug */ = {
			isa = XCBuildConfiguration;
			buildSettings = {
				ALWAYS_SEARCH_USER_PATHS = NO;
				CLANG_ANALYZER_NONNULL = YES;
				CLANG_CXX_LANGUAGE_STANDARD = "gnu++0x";
				CLANG_CXX_LIBRARY = "libc++";
				CLANG_ENABLE_MODULES = YES;
				CLANG_ENABLE_OBJC_ARC = YES;
				CLANG_WARN_BOOL_CONVERSION = YES;
				CLANG_WARN_CONSTANT_CONVERSION = YES;
				CLANG_WARN_DIRECT_OBJC_ISA_USAGE = YES_ERROR;
				CLANG_WARN_DOCUMENTATION_COMMENTS = YES;
				CLANG_WARN_EMPTY_BODY = YES;
				CLANG_WARN_ENUM_CONVERSION = YES;
				CLANG_WARN_INFINITE_RECURSION = YES;
				CLANG_WARN_INT_CONVERSION = YES;
				CLANG_WARN_OBJC_ROOT_CLASS = YES_ERROR;
				CLANG_WARN_SUSPICIOUS_MOVES = YES;
				CLANG_WARN_UNREACHABLE_CODE = YES;
				CLANG_WARN__DUPLICATE_METHOD_MATCH = YES;
				"CODE_SIGN_IDENTITY[sdk=iphoneos*]" = "iPhone Developer";
				COPY_PHASE_STRIP = NO;
				DEBUG_INFORMATION_FORMAT = dwarf;
				ENABLE_STRICT_OBJC_MSGSEND = YES;
				ENABLE_TESTABILITY = YES;
				GCC_C_LANGUAGE_STANDARD = gnu99;
				GCC_DYNAMIC_NO_PIC = NO;
				GCC_NO_COMMON_BLOCKS = YES;
				GCC_OPTIMIZATION_LEVEL = 0;
				GCC_PREPROCESSOR_DEFINITIONS = (
					"DEBUG=1",
					"$(inherited)",
				);
				GCC_WARN_64_TO_32_BIT_CONVERSION = YES;
				GCC_WARN_ABOUT_RETURN_TYPE = YES_ERROR;
				GCC_WARN_UNDECLARED_SELECTOR = YES;
				GCC_WARN_UNINITIALIZED_AUTOS = YES_AGGRESSIVE;
				GCC_WARN_UNUSED_FUNCTION = YES;
				GCC_WARN_UNUSED_VARIABLE = YES;
				IPHONEOS_DEPLOYMENT_TARGET = 10.0;
				MTL_ENABLE_DEBUG_INFO = YES;
				ONLY_ACTIVE_ARCH = YES;
				SDKROOT = iphoneos;
			};
			name = Debug;
		};
		D5DAF4371D9BCE4800B70FC6 /* Release */ = {
			isa = XCBuildConfiguration;
			buildSettings = {
				ALWAYS_SEARCH_USER_PATHS = NO;
				CLANG_ANALYZER_NONNULL = YES;
				CLANG_CXX_LANGUAGE_STANDARD = "gnu++0x";
				CLANG_CXX_LIBRARY = "libc++";
				CLANG_ENABLE_MODULES = YES;
				CLANG_ENABLE_OBJC_ARC = YES;
				CLANG_WARN_BOOL_CONVERSION = YES;
				CLANG_WARN_CONSTANT_CONVERSION = YES;
				CLANG_WARN_DIRECT_OBJC_ISA_USAGE = YES_ERROR;
				CLANG_WARN_DOCUMENTATION_COMMENTS = YES;
				CLANG_WARN_EMPTY_BODY = YES;
				CLANG_WARN_ENUM_CONVERSION = YES;
				CLANG_WARN_INFINITE_RECURSION = YES;
				CLANG_WARN_INT_CONVERSION = YES;
				CLANG_WARN_OBJC_ROOT_CLASS = YES_ERROR;
				CLANG_WARN_SUSPICIOUS_MOVES = YES;
				CLANG_WARN_UNREACHABLE_CODE = YES;
				CLANG_WARN__DUPLICATE_METHOD_MATCH = YES;
				"CODE_SIGN_IDENTITY[sdk=iphoneos*]" = "iPhone Developer";
				COPY_PHASE_STRIP = NO;
				DEBUG_INFORMATION_FORMAT = "dwarf-with-dsym";
				ENABLE_NS_ASSERTIONS = NO;
				ENABLE_STRICT_OBJC_MSGSEND = YES;
				GCC_C_LANGUAGE_STANDARD = gnu99;
				GCC_NO_COMMON_BLOCKS = YES;
				GCC_WARN_64_TO_32_BIT_CONVERSION = YES;
				GCC_WARN_ABOUT_RETURN_TYPE = YES_ERROR;
				GCC_WARN_UNDECLARED_SELECTOR = YES;
				GCC_WARN_UNINITIALIZED_AUTOS = YES_AGGRESSIVE;
				GCC_WARN_UNUSED_FUNCTION = YES;
				GCC_WARN_UNUSED_VARIABLE = YES;
				IPHONEOS_DEPLOYMENT_TARGET = 10.0;
				MTL_ENABLE_DEBUG_INFO = NO;
				SDKROOT = iphoneos;
				VALIDATE_PRODUCT = YES;
			};
			name = Release;
		};
		D5DAF4391D9BCE4800B70FC6 /* Debug */ = {
			isa = XCBuildConfiguration;
			buildSettings = {
				ASSETCATALOG_COMPILER_APPICON_NAME = AppIcon;
				INFOPLIST_FILE = "Shopping App/Info.plist";
				LD_RUNPATH_SEARCH_PATHS = "$(inherited) @executable_path/Frameworks";
				PRODUCT_BUNDLE_IDENTIFIER = "Arun-Satyavan.Shopping-App";
				PRODUCT_NAME = "$(TARGET_NAME)";
			};
			name = Debug;
		};
		D5DAF43A1D9BCE4800B70FC6 /* Release */ = {
			isa = XCBuildConfiguration;
			buildSettings = {
				ASSETCATALOG_COMPILER_APPICON_NAME = AppIcon;
				INFOPLIST_FILE = "Shopping App/Info.plist";
				LD_RUNPATH_SEARCH_PATHS = "$(inherited) @executable_path/Frameworks";
				PRODUCT_BUNDLE_IDENTIFIER = "Arun-Satyavan.Shopping-App";
				PRODUCT_NAME = "$(TARGET_NAME)";
			};
			name = Release;
		};
/* End XCBuildConfiguration section */

/* Begin XCConfigurationList section */
		D5DAF4191D9BCE4700B70FC6 /* Build configuration list for PBXProject "Shopping App" */ = {
			isa = XCConfigurationList;
			buildConfigurations = (
				D5DAF4361D9BCE4800B70FC6 /* Debug */,
				D5DAF4371D9BCE4800B70FC6 /* Release */,
			);
			defaultConfigurationIsVisible = 0;
			defaultConfigurationName = Release;
		};
		D5DAF4381D9BCE4800B70FC6 /* Build configuration list for PBXNativeTarget "Shopping App" */ = {
			isa = XCConfigurationList;
			buildConfigurations = (
				D5DAF4391D9BCE4800B70FC6 /* Debug */,
				D5DAF43A1D9BCE4800B70FC6 /* Release */,
			);
			defaultConfigurationIsVisible = 0;
		};
/* End XCConfigurationList section */
	};
	rootObject = D5DAF4161D9BCE4700B70FC6 /* Project object */;
}
